// !$*UTF8*$!
{
	archiveVersion = 1;
	classes = {
	};
	objectVersion = 56;
	objects = {

/* Begin PBXBuildFile section */
		3C05D69D29EBA119009874B5 /* GetCityNameUseCase.swift in Sources */ = {isa = PBXBuildFile; fileRef = 3C05D69C29EBA119009874B5 /* GetCityNameUseCase.swift */; };
		3C05D6A029EBA209009874B5 /* GetCityNameProvider.swift in Sources */ = {isa = PBXBuildFile; fileRef = 3C05D69F29EBA209009874B5 /* GetCityNameProvider.swift */; };
		3C404D4B29E92E9900C16B3A /* AppDelegate.swift in Sources */ = {isa = PBXBuildFile; fileRef = 3C404D4A29E92E9900C16B3A /* AppDelegate.swift */; };
		3C404D4D29E92E9900C16B3A /* SceneDelegate.swift in Sources */ = {isa = PBXBuildFile; fileRef = 3C404D4C29E92E9900C16B3A /* SceneDelegate.swift */; };
		3C404D5229E92E9900C16B3A /* Main.storyboard in Resources */ = {isa = PBXBuildFile; fileRef = 3C404D5029E92E9900C16B3A /* Main.storyboard */; };
		3C404D5429E92E9900C16B3A /* Assets.xcassets in Resources */ = {isa = PBXBuildFile; fileRef = 3C404D5329E92E9900C16B3A /* Assets.xcassets */; };
		3C404D5729E92E9900C16B3A /* LaunchScreen.storyboard in Resources */ = {isa = PBXBuildFile; fileRef = 3C404D5529E92E9900C16B3A /* LaunchScreen.storyboard */; };
		3C72589829E9BC4B00732B01 /* Coordinator.swift in Sources */ = {isa = PBXBuildFile; fileRef = 3C72589729E9BC4B00732B01 /* Coordinator.swift */; };
		3C72589A29E9BC9D00732B01 /* AppCoordinatorImpl.swift in Sources */ = {isa = PBXBuildFile; fileRef = 3C72589929E9BC9D00732B01 /* AppCoordinatorImpl.swift */; };
		3C72589D29E9D9F600732B01 /* WeatherPresenter.swift in Sources */ = {isa = PBXBuildFile; fileRef = 3C72589C29E9D9F600732B01 /* WeatherPresenter.swift */; };
		3C72589F29E9F79B00732B01 /* WeatherViewController.swift in Sources */ = {isa = PBXBuildFile; fileRef = 3C72589E29E9F79B00732B01 /* WeatherViewController.swift */; };
		3C7258A229EA085600732B01 /* WeatherRootEntity.swift in Sources */ = {isa = PBXBuildFile; fileRef = 3C7258A129EA085600732B01 /* WeatherRootEntity.swift */; };
		3C7258A429EA093B00732B01 /* HTTPProtocol.swift in Sources */ = {isa = PBXBuildFile; fileRef = 3C7258A329EA093B00732B01 /* HTTPProtocol.swift */; };
		3C7258A729EA0CE500732B01 /* WeatherProvider.swift in Sources */ = {isa = PBXBuildFile; fileRef = 3C7258A629EA0CE500732B01 /* WeatherProvider.swift */; };
		3C7258AA29EA112A00732B01 /* Storyboardable.swift in Sources */ = {isa = PBXBuildFile; fileRef = 3C7258A929EA112A00732B01 /* Storyboardable.swift */; };
		3C7258AC29EA168B00732B01 /* WeatherView.swift in Sources */ = {isa = PBXBuildFile; fileRef = 3C7258AB29EA168B00732B01 /* WeatherView.swift */; };
		3C7258AE29EB1EBE00732B01 /* WeatherViewModel.swift in Sources */ = {isa = PBXBuildFile; fileRef = 3C7258AD29EB1EBE00732B01 /* WeatherViewModel.swift */; };
		3C7258B129EB21D500732B01 /* GetWeatherUseCase.swift in Sources */ = {isa = PBXBuildFile; fileRef = 3C7258B029EB21D500732B01 /* GetWeatherUseCase.swift */; };
		3C7258B429EB245600732B01 /* WeatherModel.swift in Sources */ = {isa = PBXBuildFile; fileRef = 3C7258B329EB245600732B01 /* WeatherModel.swift */; };
		3C7258B629EB4B4200732B01 /* UIImage+Extensions.swift in Sources */ = {isa = PBXBuildFile; fileRef = 3C7258B529EB4B4200732B01 /* UIImage+Extensions.swift */; };
		3C7258B929EB6B6000732B01 /* GetUserLocationUseCase.swift in Sources */ = {isa = PBXBuildFile; fileRef = 3C7258B829EB6B6000732B01 /* GetUserLocationUseCase.swift */; };
		3C7258BB29EB9B0D00732B01 /* UserLocationCoordinatesModel.swift in Sources */ = {isa = PBXBuildFile; fileRef = 3C7258BA29EB9B0D00732B01 /* UserLocationCoordinatesModel.swift */; };
		3CE2C32929EC835C001BE4BD /* CoordinatorTests.swift in Sources */ = {isa = PBXBuildFile; fileRef = 3CE2C32829EC835C001BE4BD /* CoordinatorTests.swift */; };
		3CE2C33029EC8377001BE4BD /* WeatherProviderTests.swift in Sources */ = {isa = PBXBuildFile; fileRef = 3CE2C32F29EC8377001BE4BD /* WeatherProviderTests.swift */; };
/* End PBXBuildFile section */

/* Begin PBXContainerItemProxy section */
		3CE2C32A29EC835C001BE4BD /* PBXContainerItemProxy */ = {
			isa = PBXContainerItemProxy;
			containerPortal = 3C404D3F29E92E9900C16B3A /* Project object */;
			proxyType = 1;
			remoteGlobalIDString = 3C404D4629E92E9900C16B3A;
			remoteInfo = Coordinator;
		};
/* End PBXContainerItemProxy section */

/* Begin PBXFileReference section */
		3C05D69C29EBA119009874B5 /* GetCityNameUseCase.swift */ = {isa = PBXFileReference; lastKnownFileType = sourcecode.swift; path = GetCityNameUseCase.swift; sourceTree = "<group>"; };
		3C05D69F29EBA209009874B5 /* GetCityNameProvider.swift */ = {isa = PBXFileReference; lastKnownFileType = sourcecode.swift; path = GetCityNameProvider.swift; sourceTree = "<group>"; };
		3C404D4729E92E9900C16B3A /* Coordinator.app */ = {isa = PBXFileReference; explicitFileType = wrapper.application; includeInIndex = 0; path = Coordinator.app; sourceTree = BUILT_PRODUCTS_DIR; };
		3C404D4A29E92E9900C16B3A /* AppDelegate.swift */ = {isa = PBXFileReference; lastKnownFileType = sourcecode.swift; path = AppDelegate.swift; sourceTree = "<group>"; };
		3C404D4C29E92E9900C16B3A /* SceneDelegate.swift */ = {isa = PBXFileReference; lastKnownFileType = sourcecode.swift; path = SceneDelegate.swift; sourceTree = "<group>"; };
		3C404D5129E92E9900C16B3A /* Base */ = {isa = PBXFileReference; lastKnownFileType = file.storyboard; name = Base; path = Base.lproj/Main.storyboard; sourceTree = "<group>"; };
		3C404D5329E92E9900C16B3A /* Assets.xcassets */ = {isa = PBXFileReference; lastKnownFileType = folder.assetcatalog; path = Assets.xcassets; sourceTree = "<group>"; };
		3C404D5629E92E9900C16B3A /* Base */ = {isa = PBXFileReference; lastKnownFileType = file.storyboard; name = Base; path = Base.lproj/LaunchScreen.storyboard; sourceTree = "<group>"; };
		3C404D5829E92E9900C16B3A /* Info.plist */ = {isa = PBXFileReference; lastKnownFileType = text.plist.xml; path = Info.plist; sourceTree = "<group>"; };
		3C72589729E9BC4B00732B01 /* Coordinator.swift */ = {isa = PBXFileReference; lastKnownFileType = sourcecode.swift; path = Coordinator.swift; sourceTree = "<group>"; };
		3C72589929E9BC9D00732B01 /* AppCoordinatorImpl.swift */ = {isa = PBXFileReference; lastKnownFileType = sourcecode.swift; path = AppCoordinatorImpl.swift; sourceTree = "<group>"; };
		3C72589C29E9D9F600732B01 /* WeatherPresenter.swift */ = {isa = PBXFileReference; lastKnownFileType = sourcecode.swift; path = WeatherPresenter.swift; sourceTree = "<group>"; };
		3C72589E29E9F79B00732B01 /* WeatherViewController.swift */ = {isa = PBXFileReference; lastKnownFileType = sourcecode.swift; path = WeatherViewController.swift; sourceTree = "<group>"; };
		3C7258A129EA085600732B01 /* WeatherRootEntity.swift */ = {isa = PBXFileReference; lastKnownFileType = sourcecode.swift; path = WeatherRootEntity.swift; sourceTree = "<group>"; };
		3C7258A329EA093B00732B01 /* HTTPProtocol.swift */ = {isa = PBXFileReference; lastKnownFileType = sourcecode.swift; path = HTTPProtocol.swift; sourceTree = "<group>"; };
		3C7258A629EA0CE500732B01 /* WeatherProvider.swift */ = {isa = PBXFileReference; lastKnownFileType = sourcecode.swift; path = WeatherProvider.swift; sourceTree = "<group>"; };
		3C7258A929EA112A00732B01 /* Storyboardable.swift */ = {isa = PBXFileReference; lastKnownFileType = sourcecode.swift; path = Storyboardable.swift; sourceTree = "<group>"; };
		3C7258AB29EA168B00732B01 /* WeatherView.swift */ = {isa = PBXFileReference; lastKnownFileType = sourcecode.swift; path = WeatherView.swift; sourceTree = "<group>"; };
		3C7258AD29EB1EBE00732B01 /* WeatherViewModel.swift */ = {isa = PBXFileReference; lastKnownFileType = sourcecode.swift; path = WeatherViewModel.swift; sourceTree = "<group>"; };
		3C7258B029EB21D500732B01 /* GetWeatherUseCase.swift */ = {isa = PBXFileReference; lastKnownFileType = sourcecode.swift; path = GetWeatherUseCase.swift; sourceTree = "<group>"; };
		3C7258B329EB245600732B01 /* WeatherModel.swift */ = {isa = PBXFileReference; lastKnownFileType = sourcecode.swift; path = WeatherModel.swift; sourceTree = "<group>"; };
		3C7258B529EB4B4200732B01 /* UIImage+Extensions.swift */ = {isa = PBXFileReference; lastKnownFileType = sourcecode.swift; path = "UIImage+Extensions.swift"; sourceTree = "<group>"; };
		3C7258B829EB6B6000732B01 /* GetUserLocationUseCase.swift */ = {isa = PBXFileReference; lastKnownFileType = sourcecode.swift; path = GetUserLocationUseCase.swift; sourceTree = "<group>"; };
		3C7258BA29EB9B0D00732B01 /* UserLocationCoordinatesModel.swift */ = {isa = PBXFileReference; lastKnownFileType = sourcecode.swift; path = UserLocationCoordinatesModel.swift; sourceTree = "<group>"; };
		3CE2C32629EC835C001BE4BD /* CoordinatorTests.xctest */ = {isa = PBXFileReference; explicitFileType = wrapper.cfbundle; includeInIndex = 0; path = CoordinatorTests.xctest; sourceTree = BUILT_PRODUCTS_DIR; };
		3CE2C32829EC835C001BE4BD /* CoordinatorTests.swift */ = {isa = PBXFileReference; lastKnownFileType = sourcecode.swift; path = CoordinatorTests.swift; sourceTree = "<group>"; };
		3CE2C32F29EC8377001BE4BD /* WeatherProviderTests.swift */ = {isa = PBXFileReference; lastKnownFileType = sourcecode.swift; path = WeatherProviderTests.swift; sourceTree = "<group>"; };
/* End PBXFileReference section */

/* Begin PBXFrameworksBuildPhase section */
		3C404D4429E92E9900C16B3A /* Frameworks */ = {
			isa = PBXFrameworksBuildPhase;
			buildActionMask = 2147483647;
			files = (
			);
			runOnlyForDeploymentPostprocessing = 0;
		};
		3CE2C32329EC835C001BE4BD /* Frameworks */ = {
			isa = PBXFrameworksBuildPhase;
			buildActionMask = 2147483647;
			files = (
			);
			runOnlyForDeploymentPostprocessing = 0;
		};
/* End PBXFrameworksBuildPhase section */

/* Begin PBXGroup section */
		3C05D69E29EBA1E4009874B5 /* Providers */ = {
			isa = PBXGroup;
			children = (
				3C7258A629EA0CE500732B01 /* WeatherProvider.swift */,
				3C05D69F29EBA209009874B5 /* GetCityNameProvider.swift */,
			);
			path = Providers;
			sourceTree = "<group>";
		};
		3C404D3E29E92E9900C16B3A = {
			isa = PBXGroup;
			children = (
				3C404D4929E92E9900C16B3A /* Coordinator */,
				3CE2C32729EC835C001BE4BD /* CoordinatorTests */,
				3C404D4829E92E9900C16B3A /* Products */,
			);
			sourceTree = "<group>";
		};
		3C404D4829E92E9900C16B3A /* Products */ = {
			isa = PBXGroup;
			children = (
				3C404D4729E92E9900C16B3A /* Coordinator.app */,
				3CE2C32629EC835C001BE4BD /* CoordinatorTests.xctest */,
			);
			name = Products;
			sourceTree = "<group>";
		};
		3C404D4929E92E9900C16B3A /* Coordinator */ = {
			isa = PBXGroup;
			children = (
				3C404D5829E92E9900C16B3A /* Info.plist */,
				3CE2C32129EC810D001BE4BD /* Shared */,
				3C7258AF29EB21C600732B01 /* Domain */,
				3C7258A829EA112000732B01 /* Helpers */,
				3C7258A029EA084A00732B01 /* Data */,
				3C72589B29E9D9DA00732B01 /* Feature */,
				3C72589629E9BC4300732B01 /* Main */,
			);
			path = Coordinator;
			sourceTree = "<group>";
		};
		3C72589629E9BC4300732B01 /* Main */ = {
			isa = PBXGroup;
			children = (
				3C72589729E9BC4B00732B01 /* Coordinator.swift */,
				3C72589929E9BC9D00732B01 /* AppCoordinatorImpl.swift */,
			);
			path = Main;
			sourceTree = "<group>";
		};
		3C72589B29E9D9DA00732B01 /* Feature */ = {
			isa = PBXGroup;
			children = (
				3C72589E29E9F79B00732B01 /* WeatherViewController.swift */,
				3C72589C29E9D9F600732B01 /* WeatherPresenter.swift */,
				3C7258AB29EA168B00732B01 /* WeatherView.swift */,
				3C7258AD29EB1EBE00732B01 /* WeatherViewModel.swift */,
			);
			path = Feature;
			sourceTree = "<group>";
		};
		3C7258A029EA084A00732B01 /* Data */ = {
			isa = PBXGroup;
			children = (
				3C05D69E29EBA1E4009874B5 /* Providers */,
				3C7258A129EA085600732B01 /* WeatherRootEntity.swift */,
				3C7258A329EA093B00732B01 /* HTTPProtocol.swift */,
			);
			path = Data;
			sourceTree = "<group>";
		};
		3C7258A829EA112000732B01 /* Helpers */ = {
			isa = PBXGroup;
			children = (
				3C7258A929EA112A00732B01 /* Storyboardable.swift */,
				3C7258B529EB4B4200732B01 /* UIImage+Extensions.swift */,
			);
			path = Helpers;
			sourceTree = "<group>";
		};
		3C7258AF29EB21C600732B01 /* Domain */ = {
			isa = PBXGroup;
			children = (
				3C7258B729EB6B3200732B01 /* Use Cases */,
				3C7258B229EB244F00732B01 /* Models */,
			);
			path = Domain;
			sourceTree = "<group>";
		};
		3C7258B229EB244F00732B01 /* Models */ = {
			isa = PBXGroup;
			children = (
				3C7258B329EB245600732B01 /* WeatherModel.swift */,
				3C7258BA29EB9B0D00732B01 /* UserLocationCoordinatesModel.swift */,
			);
			path = Models;
			sourceTree = "<group>";
		};
		3C7258B729EB6B3200732B01 /* Use Cases */ = {
			isa = PBXGroup;
			children = (
				3C7258B029EB21D500732B01 /* GetWeatherUseCase.swift */,
				3C7258B829EB6B6000732B01 /* GetUserLocationUseCase.swift */,
				3C05D69C29EBA119009874B5 /* GetCityNameUseCase.swift */,
			);
			name = "Use Cases";
			sourceTree = "<group>";
		};
		3CE2C32129EC810D001BE4BD /* Shared */ = {
			isa = PBXGroup;
			children = (
				3C404D4A29E92E9900C16B3A /* AppDelegate.swift */,
				3C404D4C29E92E9900C16B3A /* SceneDelegate.swift */,
				3C404D5029E92E9900C16B3A /* Main.storyboard */,
				3C404D5329E92E9900C16B3A /* Assets.xcassets */,
				3C404D5529E92E9900C16B3A /* LaunchScreen.storyboard */,
			);
			path = Shared;
			sourceTree = "<group>";
		};
		3CE2C32729EC835C001BE4BD /* CoordinatorTests */ = {
			isa = PBXGroup;
			children = (
				3CE2C32829EC835C001BE4BD /* CoordinatorTests.swift */,
				3CE2C32F29EC8377001BE4BD /* WeatherProviderTests.swift */,
			);
			path = CoordinatorTests;
			sourceTree = "<group>";
		};
/* End PBXGroup section */

/* Begin PBXNativeTarget section */
		3C404D4629E92E9900C16B3A /* Coordinator */ = {
			isa = PBXNativeTarget;
			buildConfigurationList = 3C404D5B29E92E9900C16B3A /* Build configuration list for PBXNativeTarget "Coordinator" */;
			buildPhases = (
				3C404D4329E92E9900C16B3A /* Sources */,
				3C404D4429E92E9900C16B3A /* Frameworks */,
				3C404D4529E92E9900C16B3A /* Resources */,
			);
			buildRules = (
			);
			dependencies = (
			);
			name = Coordinator;
			productName = Coordinator;
			productReference = 3C404D4729E92E9900C16B3A /* Coordinator.app */;
			productType = "com.apple.product-type.application";
		};
		3CE2C32529EC835C001BE4BD /* CoordinatorTests */ = {
			isa = PBXNativeTarget;
			buildConfigurationList = 3CE2C32C29EC835C001BE4BD /* Build configuration list for PBXNativeTarget "CoordinatorTests" */;
			buildPhases = (
				3CE2C32229EC835C001BE4BD /* Sources */,
				3CE2C32329EC835C001BE4BD /* Frameworks */,
				3CE2C32429EC835C001BE4BD /* Resources */,
			);
			buildRules = (
			);
			dependencies = (
				3CE2C32B29EC835C001BE4BD /* PBXTargetDependency */,
			);
			name = CoordinatorTests;
			productName = CoordinatorTests;
			productReference = 3CE2C32629EC835C001BE4BD /* CoordinatorTests.xctest */;
			productType = "com.apple.product-type.bundle.unit-test";
		};
/* End PBXNativeTarget section */

/* Begin PBXProject section */
		3C404D3F29E92E9900C16B3A /* Project object */ = {
			isa = PBXProject;
			attributes = {
				BuildIndependentTargetsInParallel = 1;
				LastSwiftUpdateCheck = 1430;
				LastUpgradeCheck = 1430;
				TargetAttributes = {
					3C404D4629E92E9900C16B3A = {
						CreatedOnToolsVersion = 14.3;
					};
					3CE2C32529EC835C001BE4BD = {
						CreatedOnToolsVersion = 14.3;
						TestTargetID = 3C404D4629E92E9900C16B3A;
					};
				};
			};
			buildConfigurationList = 3C404D4229E92E9900C16B3A /* Build configuration list for PBXProject "Coordinator" */;
			compatibilityVersion = "Xcode 14.0";
			developmentRegion = en;
			hasScannedForEncodings = 0;
			knownRegions = (
				en,
				Base,
			);
			mainGroup = 3C404D3E29E92E9900C16B3A;
			productRefGroup = 3C404D4829E92E9900C16B3A /* Products */;
			projectDirPath = "";
			projectRoot = "";
			targets = (
				3C404D4629E92E9900C16B3A /* Coordinator */,
				3CE2C32529EC835C001BE4BD /* CoordinatorTests */,
			);
		};
/* End PBXProject section */

/* Begin PBXResourcesBuildPhase section */
		3C404D4529E92E9900C16B3A /* Resources */ = {
			isa = PBXResourcesBuildPhase;
			buildActionMask = 2147483647;
			files = (
				3C404D5729E92E9900C16B3A /* LaunchScreen.storyboard in Resources */,
				3C404D5429E92E9900C16B3A /* Assets.xcassets in Resources */,
				3C404D5229E92E9900C16B3A /* Main.storyboard in Resources */,
			);
			runOnlyForDeploymentPostprocessing = 0;
		};
		3CE2C32429EC835C001BE4BD /* Resources */ = {
			isa = PBXResourcesBuildPhase;
			buildActionMask = 2147483647;
			files = (
			);
			runOnlyForDeploymentPostprocessing = 0;
		};
/* End PBXResourcesBuildPhase section */

/* Begin PBXSourcesBuildPhase section */
		3C404D4329E92E9900C16B3A /* Sources */ = {
			isa = PBXSourcesBuildPhase;
			buildActionMask = 2147483647;
			files = (
				3C7258AA29EA112A00732B01 /* Storyboardable.swift in Sources */,
				3C7258AE29EB1EBE00732B01 /* WeatherViewModel.swift in Sources */,
				3C7258B929EB6B6000732B01 /* GetUserLocationUseCase.swift in Sources */,
				3C72589829E9BC4B00732B01 /* Coordinator.swift in Sources */,
				3C72589F29E9F79B00732B01 /* WeatherViewController.swift in Sources */,
				3C7258AC29EA168B00732B01 /* WeatherView.swift in Sources */,
				3C7258B129EB21D500732B01 /* GetWeatherUseCase.swift in Sources */,
				3C72589D29E9D9F600732B01 /* WeatherPresenter.swift in Sources */,
				3C05D69D29EBA119009874B5 /* GetCityNameUseCase.swift in Sources */,
				3C7258A229EA085600732B01 /* WeatherRootEntity.swift in Sources */,
				3C404D4B29E92E9900C16B3A /* AppDelegate.swift in Sources */,
				3C05D6A029EBA209009874B5 /* GetCityNameProvider.swift in Sources */,
				3C7258A429EA093B00732B01 /* HTTPProtocol.swift in Sources */,
				3C7258BB29EB9B0D00732B01 /* UserLocationCoordinatesModel.swift in Sources */,
				3C7258B429EB245600732B01 /* WeatherModel.swift in Sources */,
				3C404D4D29E92E9900C16B3A /* SceneDelegate.swift in Sources */,
				3C7258B629EB4B4200732B01 /* UIImage+Extensions.swift in Sources */,
				3C72589A29E9BC9D00732B01 /* AppCoordinatorImpl.swift in Sources */,
				3C7258A729EA0CE500732B01 /* WeatherProvider.swift in Sources */,
			);
			runOnlyForDeploymentPostprocessing = 0;
		};
		3CE2C32229EC835C001BE4BD /* Sources */ = {
			isa = PBXSourcesBuildPhase;
			buildActionMask = 2147483647;
			files = (
				3CE2C32929EC835C001BE4BD /* CoordinatorTests.swift in Sources */,
				3CE2C33029EC8377001BE4BD /* WeatherProviderTests.swift in Sources */,
			);
			runOnlyForDeploymentPostprocessing = 0;
		};
/* End PBXSourcesBuildPhase section */

/* Begin PBXTargetDependency section */
		3CE2C32B29EC835C001BE4BD /* PBXTargetDependency */ = {
			isa = PBXTargetDependency;
			target = 3C404D4629E92E9900C16B3A /* Coordinator */;
			targetProxy = 3CE2C32A29EC835C001BE4BD /* PBXContainerItemProxy */;
		};
/* End PBXTargetDependency section */

/* Begin PBXVariantGroup section */
		3C404D5029E92E9900C16B3A /* Main.storyboard */ = {
			isa = PBXVariantGroup;
			children = (
				3C404D5129E92E9900C16B3A /* Base */,
			);
			name = Main.storyboard;
			sourceTree = "<group>";
		};
		3C404D5529E92E9900C16B3A /* LaunchScreen.storyboard */ = {
			isa = PBXVariantGroup;
			children = (
				3C404D5629E92E9900C16B3A /* Base */,
			);
			name = LaunchScreen.storyboard;
			sourceTree = "<group>";
		};
/* End PBXVariantGroup section */

/* Begin XCBuildConfiguration section */
		3C404D5929E92E9900C16B3A /* Debug */ = {
			isa = XCBuildConfiguration;
			buildSettings = {
				ALWAYS_SEARCH_USER_PATHS = NO;
				CLANG_ANALYZER_NONNULL = YES;
				CLANG_ANALYZER_NUMBER_OBJECT_CONVERSION = YES_AGGRESSIVE;
				CLANG_CXX_LANGUAGE_STANDARD = "gnu++20";
				CLANG_ENABLE_MODULES = YES;
				CLANG_ENABLE_OBJC_ARC = YES;
				CLANG_ENABLE_OBJC_WEAK = YES;
				CLANG_WARN_BLOCK_CAPTURE_AUTORELEASING = YES;
				CLANG_WARN_BOOL_CONVERSION = YES;
				CLANG_WARN_COMMA = YES;
				CLANG_WARN_CONSTANT_CONVERSION = YES;
				CLANG_WARN_DEPRECATED_OBJC_IMPLEMENTATIONS = YES;
				CLANG_WARN_DIRECT_OBJC_ISA_USAGE = YES_ERROR;
				CLANG_WARN_DOCUMENTATION_COMMENTS = YES;
				CLANG_WARN_EMPTY_BODY = YES;
				CLANG_WARN_ENUM_CONVERSION = YES;
				CLANG_WARN_INFINITE_RECURSION = YES;
				CLANG_WARN_INT_CONVERSION = YES;
				CLANG_WARN_NON_LITERAL_NULL_CONVERSION = YES;
				CLANG_WARN_OBJC_IMPLICIT_RETAIN_SELF = YES;
				CLANG_WARN_OBJC_LITERAL_CONVERSION = YES;
				CLANG_WARN_OBJC_ROOT_CLASS = YES_ERROR;
				CLANG_WARN_QUOTED_INCLUDE_IN_FRAMEWORK_HEADER = YES;
				CLANG_WARN_RANGE_LOOP_ANALYSIS = YES;
				CLANG_WARN_STRICT_PROTOTYPES = YES;
				CLANG_WARN_SUSPICIOUS_MOVE = YES;
				CLANG_WARN_UNGUARDED_AVAILABILITY = YES_AGGRESSIVE;
				CLANG_WARN_UNREACHABLE_CODE = YES;
				CLANG_WARN__DUPLICATE_METHOD_MATCH = YES;
				COPY_PHASE_STRIP = NO;
				DEBUG_INFORMATION_FORMAT = dwarf;
				ENABLE_STRICT_OBJC_MSGSEND = YES;
				ENABLE_TESTABILITY = YES;
				GCC_C_LANGUAGE_STANDARD = gnu11;
				GCC_DYNAMIC_NO_PIC = NO;
				GCC_NO_COMMON_BLOCKS = YES;
				GCC_OPTIMIZATION_LEVEL = 0;
				GCC_PREPROCESSOR_DEFINITIONS = (
					"DEBUG=1",
					"$(inherited)",
				);
				GCC_WARN_64_TO_32_BIT_CONVERSION = YES;
				GCC_WARN_ABOUT_RETURN_TYPE = YES_ERROR;
				GCC_WARN_UNDECLARED_SELECTOR = YES;
				GCC_WARN_UNINITIALIZED_AUTOS = YES_AGGRESSIVE;
				GCC_WARN_UNUSED_FUNCTION = YES;
				GCC_WARN_UNUSED_VARIABLE = YES;
				IPHONEOS_DEPLOYMENT_TARGET = 16.4;
				MTL_ENABLE_DEBUG_INFO = INCLUDE_SOURCE;
				MTL_FAST_MATH = YES;
				ONLY_ACTIVE_ARCH = YES;
				SDKROOT = iphoneos;
				SWIFT_ACTIVE_COMPILATION_CONDITIONS = DEBUG;
				SWIFT_OPTIMIZATION_LEVEL = "-Onone";
			};
			name = Debug;
		};
		3C404D5A29E92E9900C16B3A /* Release */ = {
			isa = XCBuildConfiguration;
			buildSettings = {
				ALWAYS_SEARCH_USER_PATHS = NO;
				CLANG_ANALYZER_NONNULL = YES;
				CLANG_ANALYZER_NUMBER_OBJECT_CONVERSION = YES_AGGRESSIVE;
				CLANG_CXX_LANGUAGE_STANDARD = "gnu++20";
				CLANG_ENABLE_MODULES = YES;
				CLANG_ENABLE_OBJC_ARC = YES;
				CLANG_ENABLE_OBJC_WEAK = YES;
				CLANG_WARN_BLOCK_CAPTURE_AUTORELEASING = YES;
				CLANG_WARN_BOOL_CONVERSION = YES;
				CLANG_WARN_COMMA = YES;
				CLANG_WARN_CONSTANT_CONVERSION = YES;
				CLANG_WARN_DEPRECATED_OBJC_IMPLEMENTATIONS = YES;
				CLANG_WARN_DIRECT_OBJC_ISA_USAGE = YES_ERROR;
				CLANG_WARN_DOCUMENTATION_COMMENTS = YES;
				CLANG_WARN_EMPTY_BODY = YES;
				CLANG_WARN_ENUM_CONVERSION = YES;
				CLANG_WARN_INFINITE_RECURSION = YES;
				CLANG_WARN_INT_CONVERSION = YES;
				CLANG_WARN_NON_LITERAL_NULL_CONVERSION = YES;
				CLANG_WARN_OBJC_IMPLICIT_RETAIN_SELF = YES;
				CLANG_WARN_OBJC_LITERAL_CONVERSION = YES;
				CLANG_WARN_OBJC_ROOT_CLASS = YES_ERROR;
				CLANG_WARN_QUOTED_INCLUDE_IN_FRAMEWORK_HEADER = YES;
				CLANG_WARN_RANGE_LOOP_ANALYSIS = YES;
				CLANG_WARN_STRICT_PROTOTYPES = YES;
				CLANG_WARN_SUSPICIOUS_MOVE = YES;
				CLANG_WARN_UNGUARDED_AVAILABILITY = YES_AGGRESSIVE;
				CLANG_WARN_UNREACHABLE_CODE = YES;
				CLANG_WARN__DUPLICATE_METHOD_MATCH = YES;
				COPY_PHASE_STRIP = NO;
				DEBUG_INFORMATION_FORMAT = "dwarf-with-dsym";
				ENABLE_NS_ASSERTIONS = NO;
				ENABLE_STRICT_OBJC_MSGSEND = YES;
				GCC_C_LANGUAGE_STANDARD = gnu11;
				GCC_NO_COMMON_BLOCKS = YES;
				GCC_WARN_64_TO_32_BIT_CONVERSION = YES;
				GCC_WARN_ABOUT_RETURN_TYPE = YES_ERROR;
				GCC_WARN_UNDECLARED_SELECTOR = YES;
				GCC_WARN_UNINITIALIZED_AUTOS = YES_AGGRESSIVE;
				GCC_WARN_UNUSED_FUNCTION = YES;
				GCC_WARN_UNUSED_VARIABLE = YES;
				IPHONEOS_DEPLOYMENT_TARGET = 16.4;
				MTL_ENABLE_DEBUG_INFO = NO;
				MTL_FAST_MATH = YES;
				SDKROOT = iphoneos;
				SWIFT_COMPILATION_MODE = wholemodule;
				SWIFT_OPTIMIZATION_LEVEL = "-O";
				VALIDATE_PRODUCT = YES;
			};
			name = Release;
		};
		3C404D5C29E92E9900C16B3A /* Debug */ = {
			isa = XCBuildConfiguration;
			buildSettings = {
				ASSETCATALOG_COMPILER_APPICON_NAME = AppIcon;
				ASSETCATALOG_COMPILER_GLOBAL_ACCENT_COLOR_NAME = AccentColor;
				CODE_SIGN_STYLE = Automatic;
				CURRENT_PROJECT_VERSION = 1;
				DEVELOPMENT_TEAM = 4EYFTZZ62W;
				GENERATE_INFOPLIST_FILE = YES;
				INFOPLIST_FILE = Coordinator/Info.plist;
				INFOPLIST_KEY_NSLocationWhenInUseUsageDescription = "To determine your local weather and get my new job";
				INFOPLIST_KEY_UIApplicationSupportsIndirectInputEvents = YES;
				INFOPLIST_KEY_UILaunchStoryboardName = LaunchScreen;
				INFOPLIST_KEY_UISupportedInterfaceOrientations = "UIInterfaceOrientationPortrait UIInterfaceOrientationLandscapeLeft UIInterfaceOrientationLandscapeRight";
				INFOPLIST_KEY_UISupportedInterfaceOrientations_iPad = "UIInterfaceOrientationLandscapeLeft UIInterfaceOrientationLandscapeRight UIInterfaceOrientationPortrait UIInterfaceOrientationPortraitUpsideDown";
				LD_RUNPATH_SEARCH_PATHS = (
					"$(inherited)",
					"@executable_path/Frameworks",
				);
				MARKETING_VERSION = 1.0;
				PRODUCT_BUNDLE_IDENTIFIER = ricksDev.Coordinator;
				PRODUCT_NAME = "$(TARGET_NAME)";
				SWIFT_EMIT_LOC_STRINGS = YES;
				SWIFT_VERSION = 5.0;
				TARGETED_DEVICE_FAMILY = "1,2";
			};
			name = Debug;
		};
		3C404D5D29E92E9900C16B3A /* Release */ = {
			isa = XCBuildConfiguration;
			buildSettings = {
				ASSETCATALOG_COMPILER_APPICON_NAME = AppIcon;
				ASSETCATALOG_COMPILER_GLOBAL_ACCENT_COLOR_NAME = AccentColor;
				CODE_SIGN_STYLE = Automatic;
				CURRENT_PROJECT_VERSION = 1;
				DEVELOPMENT_TEAM = 4EYFTZZ62W;
				GENERATE_INFOPLIST_FILE = YES;
				INFOPLIST_FILE = Coordinator/Info.plist;
				INFOPLIST_KEY_NSLocationWhenInUseUsageDescription = "To determine your local weather and get my new job";
				INFOPLIST_KEY_UIApplicationSupportsIndirectInputEvents = YES;
				INFOPLIST_KEY_UILaunchStoryboardName = LaunchScreen;
				INFOPLIST_KEY_UISupportedInterfaceOrientations = "UIInterfaceOrientationPortrait UIInterfaceOrientationLandscapeLeft UIInterfaceOrientationLandscapeRight";
				INFOPLIST_KEY_UISupportedInterfaceOrientations_iPad = "UIInterfaceOrientationLandscapeLeft UIInterfaceOrientationLandscapeRight UIInterfaceOrientationPortrait UIInterfaceOrientationPortraitUpsideDown";
				LD_RUNPATH_SEARCH_PATHS = (
					"$(inherited)",
					"@executable_path/Frameworks",
				);
				MARKETING_VERSION = 1.0;
				PRODUCT_BUNDLE_IDENTIFIER = ricksDev.Coordinator;
				PRODUCT_NAME = "$(TARGET_NAME)";
				SWIFT_EMIT_LOC_STRINGS = YES;
				SWIFT_VERSION = 5.0;
				TARGETED_DEVICE_FAMILY = "1,2";
			};
			name = Release;
		};
		3CE2C32D29EC835C001BE4BD /* Debug */ = {
			isa = XCBuildConfiguration;
			buildSettings = {
				BUNDLE_LOADER = "$(TEST_HOST)";
				CODE_SIGN_STYLE = Automatic;
				CURRENT_PROJECT_VERSION = 1;
				DEVELOPMENT_TEAM = 4EYFTZZ62W;
				GENERATE_INFOPLIST_FILE = YES;
				MARKETING_VERSION = 1.0;
				PRODUCT_BUNDLE_IDENTIFIER = ricksDev.CoordinatorTests;
				PRODUCT_NAME = "$(TARGET_NAME)";
				SWIFT_EMIT_LOC_STRINGS = NO;
				SWIFT_VERSION = 5.0;
				TARGETED_DEVICE_FAMILY = "1,2";
				TEST_HOST = "$(BUILT_PRODUCTS_DIR)/Coordinator.app/$(BUNDLE_EXECUTABLE_FOLDER_PATH)/Coordinator";
			};
			name = Debug;
		};
		3CE2C32E29EC835C001BE4BD /* Release */ = {
			isa = XCBuildConfiguration;
			buildSettings = {
				BUNDLE_LOADER = "$(TEST_HOST)";
				CODE_SIGN_STYLE = Automatic;
				CURRENT_PROJECT_VERSION = 1;
				DEVELOPMENT_TEAM = 4EYFTZZ62W;
				GENERATE_INFOPLIST_FILE = YES;
				MARKETING_VERSION = 1.0;
				PRODUCT_BUNDLE_IDENTIFIER = ricksDev.CoordinatorTests;
				PRODUCT_NAME = "$(TARGET_NAME)";
				SWIFT_EMIT_LOC_STRINGS = NO;
				SWIFT_VERSION = 5.0;
				TARGETED_DEVICE_FAMILY = "1,2";
				TEST_HOST = "$(BUILT_PRODUCTS_DIR)/Coordinator.app/$(BUNDLE_EXECUTABLE_FOLDER_PATH)/Coordinator";
			};
			name = Release;
		};
/* End XCBuildConfiguration section */

/* Begin XCConfigurationList section */
		3C404D4229E92E9900C16B3A /* Build configuration list for PBXProject "Coordinator" */ = {
			isa = XCConfigurationList;
			buildConfigurations = (
				3C404D5929E92E9900C16B3A /* Debug */,
				3C404D5A29E92E9900C16B3A /* Release */,
			);
			defaultConfigurationIsVisible = 0;
			defaultConfigurationName = Release;
		};
		3C404D5B29E92E9900C16B3A /* Build configuration list for PBXNativeTarget "Coordinator" */ = {
			isa = XCConfigurationList;
			buildConfigurations = (
				3C404D5C29E92E9900C16B3A /* Debug */,
				3C404D5D29E92E9900C16B3A /* Release */,
			);
			defaultConfigurationIsVisible = 0;
			defaultConfigurationName = Release;
		};
		3CE2C32C29EC835C001BE4BD /* Build configuration list for PBXNativeTarget "CoordinatorTests" */ = {
			isa = XCConfigurationList;
			buildConfigurations = (
				3CE2C32D29EC835C001BE4BD /* Debug */,
				3CE2C32E29EC835C001BE4BD /* Release */,
			);
			defaultConfigurationIsVisible = 0;
			defaultConfigurationName = Release;
		};
/* End XCConfigurationList section */
	};
	rootObject = 3C404D3F29E92E9900C16B3A /* Project object */;
}
